
Microsoft Visual Studio Solution File, Format Version 12.00
# Visual Studio Version 16
VisualStudioVersion = 16.0.29123.88
MinimumVisualStudioVersion = 10.0.40219.1
Project("{FAE04EC0-301F-11D3-BF4B-00C04F79EFBC}") = "week5Coursework", "week5Coursework\week5Coursework.csproj", "{DE296151-1BE7-43BA-9A4D-DF3457CCD21C}"
EndProject
Global
	GlobalSection(SolutionConfigurationPlatforms) = preSolution
		Debug|Any CPU = Debug|Any CPU
		Release|Any CPU = Release|Any CPU
	EndGlobalSection
	GlobalSection(ProjectConfigurationPlatforms) = postSolution
		{DE296151-1BE7-43BA-9A4D-DF3457CCD21C}.Debug|Any CPU.ActiveCfg = Debug|Any CPU
		{DE296151-1BE7-43BA-9A4D-DF3457CCD21C}.Debug|Any CPU.Build.0 = Debug|Any CPU
		{DE296151-1BE7-43BA-9A4D-DF3457CCD21C}.Release|Any CPU.ActiveCfg = Release|Any CPU
		{DE296151-1BE7-43BA-9A4D-DF3457CCD21C}.Release|Any CPU.Build.0 = Release|Any CPU
	EndGlobalSection
	GlobalSection(SolutionProperties) = preSolution
		HideSolutionNode = FALSE
	EndGlobalSection
	GlobalSection(ExtensibilityGlobals) = postSolution
		SolutionGuid = {627E2C3C-0128-438E-B83B-55AD2BDBBE04}
	EndGlobalSection
EndGlobal
