
Microsoft Visual Studio Solution File, Format Version 12.00
# Visual Studio Version 16
VisualStudioVersion = 16.0.29123.88
MinimumVisualStudioVersion = 10.0.40219.1
Project("{FAE04EC0-301F-11D3-BF4B-00C04F79EFBC}") = "project6", "project6\project6.csproj", "{720091B2-1E69-4854-AA78-3C1AE1CBE959}"
EndProject
Global
	GlobalSection(SolutionConfigurationPlatforms) = preSolution
		Debug|Any CPU = Debug|Any CPU
		Release|Any CPU = Release|Any CPU
	EndGlobalSection
	GlobalSection(ProjectConfigurationPlatforms) = postSolution
		{720091B2-1E69-4854-AA78-3C1AE1CBE959}.Debug|Any CPU.ActiveCfg = Debug|Any CPU
		{720091B2-1E69-4854-AA78-3C1AE1CBE959}.Debug|Any CPU.Build.0 = Debug|Any CPU
		{720091B2-1E69-4854-AA78-3C1AE1CBE959}.Release|Any CPU.ActiveCfg = Release|Any CPU
		{720091B2-1E69-4854-AA78-3C1AE1CBE959}.Release|Any CPU.Build.0 = Release|Any CPU
	EndGlobalSection
	GlobalSection(SolutionProperties) = preSolution
		HideSolutionNode = FALSE
	EndGlobalSection
	GlobalSection(ExtensibilityGlobals) = postSolution
		SolutionGuid = {477E756D-5225-402C-9C75-D92771FBCD44}
	EndGlobalSection
EndGlobal
